
Microsoft Visual Studio Solution File, Format Version 12.00
# Visual Studio Version 16
VisualStudioVersion = 16.0.30320.27
MinimumVisualStudioVersion = 10.0.40219.1
Project("{FAE04EC0-301F-11D3-BF4B-00C04F79EFBC}") = "OO_Seminar", "OO_Seminar.csproj", "{B5D6CFA4-C2FE-4E57-AB2A-1BF15F90AB30}"
EndProject
Project("{FAE04EC0-301F-11D3-BF4B-00C04F79EFBC}") = "OO_Seminar_Tests", "..\OO_Seminar_Tests\OO_Seminar_Tests.csproj", "{B3A19E50-59D5-44E1-A767-6D9823C12BCC}"
EndProject
Global
	GlobalSection(SolutionConfigurationPlatforms) = preSolution
		Debug|Any CPU = Debug|Any CPU
		Release|Any CPU = Release|Any CPU
	EndGlobalSection
	GlobalSection(ProjectConfigurationPlatforms) = postSolution
		{B5D6CFA4-C2FE-4E57-AB2A-1BF15F90AB30}.Debug|Any CPU.ActiveCfg = Debug|Any CPU
		{B5D6CFA4-C2FE-4E57-AB2A-1BF15F90AB30}.Debug|Any CPU.Build.0 = Debug|Any CPU
		{B5D6CFA4-C2FE-4E57-AB2A-1BF15F90AB30}.Release|Any CPU.ActiveCfg = Release|Any CPU
		{B5D6CFA4-C2FE-4E57-AB2A-1BF15F90AB30}.Release|Any CPU.Build.0 = Release|Any CPU
		{B3A19E50-59D5-44E1-A767-6D9823C12BCC}.Debug|Any CPU.ActiveCfg = Debug|Any CPU
		{B3A19E50-59D5-44E1-A767-6D9823C12BCC}.Debug|Any CPU.Build.0 = Debug|Any CPU
		{B3A19E50-59D5-44E1-A767-6D9823C12BCC}.Release|Any CPU.ActiveCfg = Release|Any CPU
		{B3A19E50-59D5-44E1-A767-6D9823C12BCC}.Release|Any CPU.Build.0 = Release|Any CPU
	EndGlobalSection
	GlobalSection(SolutionProperties) = preSolution
		HideSolutionNode = FALSE
	EndGlobalSection
	GlobalSection(ExtensibilityGlobals) = postSolution
		SolutionGuid = {E2BDB543-CAB5-4458-811C-511F8A9DF966}
	EndGlobalSection
EndGlobal
